
Microsoft Visual Studio Solution File, Format Version 12.00
# Visual Studio 15
VisualStudioVersion = 15.0.26430.14
MinimumVisualStudioVersion = 10.0.40219.1
Project("{9092AA53-FB77-4645-B42D-1CCCA6BD08BD}") = "microservicebus-node", "microservicebus-node.njsproj", "{E5509FE2-C037-42A1-8BEC-77CB62D5047B}"
EndProject
Global
	GlobalSection(SolutionConfigurationPlatforms) = preSolution
		Debug|Any CPU = Debug|Any CPU
		Release|Any CPU = Release|Any CPU
	EndGlobalSection
	GlobalSection(ProjectConfigurationPlatforms) = postSolution
		{E5509FE2-C037-42A1-8BEC-77CB62D5047B}.Debug|Any CPU.ActiveCfg = Debug|Any CPU
		{E5509FE2-C037-42A1-8BEC-77CB62D5047B}.Debug|Any CPU.Build.0 = Debug|Any CPU
		{E5509FE2-C037-42A1-8BEC-77CB62D5047B}.Release|Any CPU.ActiveCfg = Release|Any CPU
		{E5509FE2-C037-42A1-8BEC-77CB62D5047B}.Release|Any CPU.Build.0 = Release|Any CPU
	EndGlobalSection
	GlobalSection(SolutionProperties) = preSolution
		HideSolutionNode = FALSE
	EndGlobalSection
EndGlobal
